
Microsoft Visual Studio Solution File, Format Version 12.00
# Visual Studio Version 17
VisualStudioVersion = 17.1.32407.343
MinimumVisualStudioVersion = 10.0.40219.1
Project("{FAE04EC0-301F-11D3-BF4B-00C04F79EFBC}") = "RevitAPI_task83", "RevitAPI_task83\RevitAPI_task83.csproj", "{A1AF1AF9-8091-454E-8C67-ECBCA7EE0354}"
EndProject
Global
	GlobalSection(SolutionConfigurationPlatforms) = preSolution
		Debug|Any CPU = Debug|Any CPU
		Release|Any CPU = Release|Any CPU
	EndGlobalSection
	GlobalSection(ProjectConfigurationPlatforms) = postSolution
		{A1AF1AF9-8091-454E-8C67-ECBCA7EE0354}.Debug|Any CPU.ActiveCfg = Debug|Any CPU
		{A1AF1AF9-8091-454E-8C67-ECBCA7EE0354}.Debug|Any CPU.Build.0 = Debug|Any CPU
		{A1AF1AF9-8091-454E-8C67-ECBCA7EE0354}.Release|Any CPU.ActiveCfg = Release|Any CPU
		{A1AF1AF9-8091-454E-8C67-ECBCA7EE0354}.Release|Any CPU.Build.0 = Release|Any CPU
	EndGlobalSection
	GlobalSection(SolutionProperties) = preSolution
		HideSolutionNode = FALSE
	EndGlobalSection
	GlobalSection(ExtensibilityGlobals) = postSolution
		SolutionGuid = {E4EFBDA0-5B47-489E-8B5C-8C395F2DEB78}
	EndGlobalSection
EndGlobal
